// !$*UTF8*$!
{
	archiveVersion = 1;
	classes = {
	};
	objectVersion = 51;
	objects = {

/* Begin PBXBuildFile section */
		2304EA3424530D6300A1B75C /* DisplayModuleData.swift in Sources */ = {isa = PBXBuildFile; fileRef = 2304EA3324530D6300A1B75C /* DisplayModuleData.swift */; };
		2304EA3624530DF700A1B75C /* DisplayItem.swift in Sources */ = {isa = PBXBuildFile; fileRef = 2304EA3524530DF700A1B75C /* DisplayItem.swift */; };
		2304EA3824530F0300A1B75C /* DisplayModuleViewModel.swift in Sources */ = {isa = PBXBuildFile; fileRef = 2304EA3724530F0300A1B75C /* DisplayModuleViewModel.swift */; };
		2304EA3A24532ACA00A1B75C /* DisplayItemCell.swift in Sources */ = {isa = PBXBuildFile; fileRef = 2304EA3924532ACA00A1B75C /* DisplayItemCell.swift */; };
		2304EA3D24532C6300A1B75C /* CollectionTableViewExtension.swift in Sources */ = {isa = PBXBuildFile; fileRef = 2304EA3C24532C6300A1B75C /* CollectionTableViewExtension.swift */; };
		2304EA3F24534ED100A1B75C /* PagingCollectionViewFlowLayout.swift in Sources */ = {isa = PBXBuildFile; fileRef = 2304EA3E24534ED100A1B75C /* PagingCollectionViewFlowLayout.swift */; };
		2304EA4224535B6D00A1B75C /* DisplayModuleModel.swift in Sources */ = {isa = PBXBuildFile; fileRef = 2304EA4124535B6D00A1B75C /* DisplayModuleModel.swift */; };
		2304EA4424535BB500A1B75C /* DisplayItemModel.swift in Sources */ = {isa = PBXBuildFile; fileRef = 2304EA4324535BB500A1B75C /* DisplayItemModel.swift */; };
		2309CDD4245081E800620475 /* AppDelegate.swift in Sources */ = {isa = PBXBuildFile; fileRef = 2309CDD3245081E800620475 /* AppDelegate.swift */; };
		2309CDDD245081ED00620475 /* Assets.xcassets in Resources */ = {isa = PBXBuildFile; fileRef = 2309CDDC245081ED00620475 /* Assets.xcassets */; };
		2309CDE0245081ED00620475 /* LaunchScreen.storyboard in Resources */ = {isa = PBXBuildFile; fileRef = 2309CDDE245081ED00620475 /* LaunchScreen.storyboard */; };
		2309CDED245083A300620475 /* BaseCoordinator.swift in Sources */ = {isa = PBXBuildFile; fileRef = 2309CDEC245083A300620475 /* BaseCoordinator.swift */; };
		2309CDEF245084D700620475 /* AppCoordinator.swift in Sources */ = {isa = PBXBuildFile; fileRef = 2309CDEE245084D700620475 /* AppCoordinator.swift */; };
		2309CDF12450856B00620475 /* TabbarCoordinator.swift in Sources */ = {isa = PBXBuildFile; fileRef = 2309CDF02450856B00620475 /* TabbarCoordinator.swift */; };
		2309CDF524508A2600620475 /* TabbarController.swift in Sources */ = {isa = PBXBuildFile; fileRef = 2309CDF424508A2600620475 /* TabbarController.swift */; };
		2309CDFB24508C7200620475 /* ListenViewController.swift in Sources */ = {isa = PBXBuildFile; fileRef = 2309CDF924508C7200620475 /* ListenViewController.swift */; };
		2309CDFC24508C7200620475 /* ListenViewController.xib in Resources */ = {isa = PBXBuildFile; fileRef = 2309CDFA24508C7200620475 /* ListenViewController.xib */; };
		2309CDFF24508D1400620475 /* MySoundViewController.swift in Sources */ = {isa = PBXBuildFile; fileRef = 2309CDFD24508D1400620475 /* MySoundViewController.swift */; };
		2309CE0024508D1400620475 /* MySoundViewController.xib in Resources */ = {isa = PBXBuildFile; fileRef = 2309CDFE24508D1400620475 /* MySoundViewController.xib */; };
		2309CE022450998900620475 /* ListenCoordinator.swift in Sources */ = {isa = PBXBuildFile; fileRef = 2309CE012450998900620475 /* ListenCoordinator.swift */; };
		2309CE04245099D400620475 /* MySoundCoordinator.swift in Sources */ = {isa = PBXBuildFile; fileRef = 2309CE03245099D400620475 /* MySoundCoordinator.swift */; };
		2309CE0624509A0B00620475 /* SearchCoordinator.swift in Sources */ = {isa = PBXBuildFile; fileRef = 2309CE0524509A0B00620475 /* SearchCoordinator.swift */; };
		2309CE092450F3E500620475 /* BBCReithSerif_Rg.ttf in Resources */ = {isa = PBXBuildFile; fileRef = 2309CE082450F3E500620475 /* BBCReithSerif_Rg.ttf */; };
		2309CE0C2450F4AD00620475 /* AppDefinition.swift in Sources */ = {isa = PBXBuildFile; fileRef = 2309CE0B2450F4AD00620475 /* AppDefinition.swift */; };
		2309CE0E2450F7CF00620475 /* BBCReithSans_Rg.ttf in Resources */ = {isa = PBXBuildFile; fileRef = 2309CE0D2450F7CF00620475 /* BBCReithSans_Rg.ttf */; };
		2309CE112450F94900620475 /* BBCReithSans_Md.ttf in Resources */ = {isa = PBXBuildFile; fileRef = 2309CE0F2450F94900620475 /* BBCReithSans_Md.ttf */; };
		2309CE122450F94900620475 /* BBCReithSerif_Md.ttf in Resources */ = {isa = PBXBuildFile; fileRef = 2309CE102450F94900620475 /* BBCReithSerif_Md.ttf */; };
		2309CE182450FEF600620475 /* ColorExtensions.swift in Sources */ = {isa = PBXBuildFile; fileRef = 2309CE172450FEF600620475 /* ColorExtensions.swift */; };
		23328BEC2454592B005E2C5F /* NetworkModel.swift in Sources */ = {isa = PBXBuildFile; fileRef = 23328BEB2454592B005E2C5F /* NetworkModel.swift */; };
		23328BEE24545969005E2C5F /* TitleModel.swift in Sources */ = {isa = PBXBuildFile; fileRef = 23328BED24545969005E2C5F /* TitleModel.swift */; };
		23328BF0245459C1005E2C5F /* SynopsisModel.swift in Sources */ = {isa = PBXBuildFile; fileRef = 23328BEF245459C1005E2C5F /* SynopsisModel.swift */; };
		23328BF224545A75005E2C5F /* DurationModel.swift in Sources */ = {isa = PBXBuildFile; fileRef = 23328BF124545A75005E2C5F /* DurationModel.swift */; };
		23328BF424545B03005E2C5F /* ProgressModel.swift in Sources */ = {isa = PBXBuildFile; fileRef = 23328BF324545B03005E2C5F /* ProgressModel.swift */; };
		23328BF624545B8D005E2C5F /* AvailabilityModel.swift in Sources */ = {isa = PBXBuildFile; fileRef = 23328BF524545B8D005E2C5F /* AvailabilityModel.swift */; };
		23328BF824545BC1005E2C5F /* ReleaseModel.swift in Sources */ = {isa = PBXBuildFile; fileRef = 23328BF724545BC1005E2C5F /* ReleaseModel.swift */; };
		23328BFA24546E35005E2C5F /* AppNetwork.swift in Sources */ = {isa = PBXBuildFile; fileRef = 23328BF924546E35005E2C5F /* AppNetwork.swift */; };
		23328BFC2454720E005E2C5F /* RequestPath.swift in Sources */ = {isa = PBXBuildFile; fileRef = 23328BFB2454720E005E2C5F /* RequestPath.swift */; };
		23328BFF24547310005E2C5F /* AppEnvironment.swift in Sources */ = {isa = PBXBuildFile; fileRef = 23328BFE24547310005E2C5F /* AppEnvironment.swift */; };
		23328C01245474B0005E2C5F /* AppRequest.swift in Sources */ = {isa = PBXBuildFile; fileRef = 23328C00245474B0005E2C5F /* AppRequest.swift */; };
		23328C0424547C2A005E2C5F /* AppConfigModel.swift in Sources */ = {isa = PBXBuildFile; fileRef = 23328C0324547C2A005E2C5F /* AppConfigModel.swift */; };
		23328C0624548220005E2C5F /* AppConfiguration.swift in Sources */ = {isa = PBXBuildFile; fileRef = 23328C0524548220005E2C5F /* AppConfiguration.swift */; };
		23328C0824548A64005E2C5F /* JSONHelper.swift in Sources */ = {isa = PBXBuildFile; fileRef = 23328C0724548A64005E2C5F /* JSONHelper.swift */; };
		239D62612451FD5B00239B90 /* PlayableItemView.swift in Sources */ = {isa = PBXBuildFile; fileRef = 239D625F2451FD5B00239B90 /* PlayableItemView.swift */; };
		239D62622451FD5B00239B90 /* PlayableItemView.xib in Resources */ = {isa = PBXBuildFile; fileRef = 239D62602451FD5B00239B90 /* PlayableItemView.xib */; };
		239D6267245208C800239B90 /* DisplayModuleView.swift in Sources */ = {isa = PBXBuildFile; fileRef = 239D6265245208C800239B90 /* DisplayModuleView.swift */; };
		239D6268245208C800239B90 /* DisplayModuleView.xib in Resources */ = {isa = PBXBuildFile; fileRef = 239D6266245208C800239B90 /* DisplayModuleView.xib */; };
		5339A251A57DF94DD8D43682 /* Pods_SoundBBC.framework in Frameworks */ = {isa = PBXBuildFile; fileRef = 2B85F7AF4E13965A683CB656 /* Pods_SoundBBC.framework */; };
/* End PBXBuildFile section */

/* Begin PBXFileReference section */
		2304EA3324530D6300A1B75C /* DisplayModuleData.swift */ = {isa = PBXFileReference; lastKnownFileType = sourcecode.swift; path = DisplayModuleData.swift; sourceTree = "<group>"; };
		2304EA3524530DF700A1B75C /* DisplayItem.swift */ = {isa = PBXFileReference; lastKnownFileType = sourcecode.swift; path = DisplayItem.swift; sourceTree = "<group>"; };
		2304EA3724530F0300A1B75C /* DisplayModuleViewModel.swift */ = {isa = PBXFileReference; lastKnownFileType = sourcecode.swift; path = DisplayModuleViewModel.swift; sourceTree = "<group>"; };
		2304EA3924532ACA00A1B75C /* DisplayItemCell.swift */ = {isa = PBXFileReference; lastKnownFileType = sourcecode.swift; path = DisplayItemCell.swift; sourceTree = "<group>"; };
		2304EA3C24532C6300A1B75C /* CollectionTableViewExtension.swift */ = {isa = PBXFileReference; lastKnownFileType = sourcecode.swift; path = CollectionTableViewExtension.swift; sourceTree = "<group>"; };
		2304EA3E24534ED100A1B75C /* PagingCollectionViewFlowLayout.swift */ = {isa = PBXFileReference; lastKnownFileType = sourcecode.swift; path = PagingCollectionViewFlowLayout.swift; sourceTree = "<group>"; };
		2304EA4124535B6D00A1B75C /* DisplayModuleModel.swift */ = {isa = PBXFileReference; lastKnownFileType = sourcecode.swift; path = DisplayModuleModel.swift; sourceTree = "<group>"; };
		2304EA4324535BB500A1B75C /* DisplayItemModel.swift */ = {isa = PBXFileReference; lastKnownFileType = sourcecode.swift; path = DisplayItemModel.swift; sourceTree = "<group>"; };
		2309CDD0245081E800620475 /* SoundBBC.app */ = {isa = PBXFileReference; explicitFileType = wrapper.application; includeInIndex = 0; path = SoundBBC.app; sourceTree = BUILT_PRODUCTS_DIR; };
		2309CDD3245081E800620475 /* AppDelegate.swift */ = {isa = PBXFileReference; lastKnownFileType = sourcecode.swift; path = AppDelegate.swift; sourceTree = "<group>"; };
		2309CDDC245081ED00620475 /* Assets.xcassets */ = {isa = PBXFileReference; lastKnownFileType = folder.assetcatalog; path = Assets.xcassets; sourceTree = "<group>"; };
		2309CDDF245081ED00620475 /* Base */ = {isa = PBXFileReference; lastKnownFileType = file.storyboard; name = Base; path = Base.lproj/LaunchScreen.storyboard; sourceTree = "<group>"; };
		2309CDE1245081ED00620475 /* Info.plist */ = {isa = PBXFileReference; lastKnownFileType = text.plist.xml; path = Info.plist; sourceTree = "<group>"; };
		2309CDEC245083A300620475 /* BaseCoordinator.swift */ = {isa = PBXFileReference; lastKnownFileType = sourcecode.swift; path = BaseCoordinator.swift; sourceTree = "<group>"; };
		2309CDEE245084D700620475 /* AppCoordinator.swift */ = {isa = PBXFileReference; lastKnownFileType = sourcecode.swift; path = AppCoordinator.swift; sourceTree = "<group>"; };
		2309CDF02450856B00620475 /* TabbarCoordinator.swift */ = {isa = PBXFileReference; lastKnownFileType = sourcecode.swift; path = TabbarCoordinator.swift; sourceTree = "<group>"; };
		2309CDF424508A2600620475 /* TabbarController.swift */ = {isa = PBXFileReference; lastKnownFileType = sourcecode.swift; path = TabbarController.swift; sourceTree = "<group>"; };
		2309CDF924508C7200620475 /* ListenViewController.swift */ = {isa = PBXFileReference; lastKnownFileType = sourcecode.swift; path = ListenViewController.swift; sourceTree = "<group>"; };
		2309CDFA24508C7200620475 /* ListenViewController.xib */ = {isa = PBXFileReference; lastKnownFileType = file.xib; path = ListenViewController.xib; sourceTree = "<group>"; };
		2309CDFD24508D1400620475 /* MySoundViewController.swift */ = {isa = PBXFileReference; lastKnownFileType = sourcecode.swift; path = MySoundViewController.swift; sourceTree = "<group>"; };
		2309CDFE24508D1400620475 /* MySoundViewController.xib */ = {isa = PBXFileReference; lastKnownFileType = file.xib; path = MySoundViewController.xib; sourceTree = "<group>"; };
		2309CE012450998900620475 /* ListenCoordinator.swift */ = {isa = PBXFileReference; lastKnownFileType = sourcecode.swift; path = ListenCoordinator.swift; sourceTree = "<group>"; };
		2309CE03245099D400620475 /* MySoundCoordinator.swift */ = {isa = PBXFileReference; lastKnownFileType = sourcecode.swift; path = MySoundCoordinator.swift; sourceTree = "<group>"; };
		2309CE0524509A0B00620475 /* SearchCoordinator.swift */ = {isa = PBXFileReference; lastKnownFileType = sourcecode.swift; path = SearchCoordinator.swift; sourceTree = "<group>"; };
		2309CE082450F3E500620475 /* BBCReithSerif_Rg.ttf */ = {isa = PBXFileReference; lastKnownFileType = file; path = BBCReithSerif_Rg.ttf; sourceTree = "<group>"; };
		2309CE0B2450F4AD00620475 /* AppDefinition.swift */ = {isa = PBXFileReference; lastKnownFileType = sourcecode.swift; path = AppDefinition.swift; sourceTree = "<group>"; };
		2309CE0D2450F7CF00620475 /* BBCReithSans_Rg.ttf */ = {isa = PBXFileReference; lastKnownFileType = file; path = BBCReithSans_Rg.ttf; sourceTree = "<group>"; };
		2309CE0F2450F94900620475 /* BBCReithSans_Md.ttf */ = {isa = PBXFileReference; lastKnownFileType = file; path = BBCReithSans_Md.ttf; sourceTree = "<group>"; };
		2309CE102450F94900620475 /* BBCReithSerif_Md.ttf */ = {isa = PBXFileReference; lastKnownFileType = file; path = BBCReithSerif_Md.ttf; sourceTree = "<group>"; };
		2309CE172450FEF600620475 /* ColorExtensions.swift */ = {isa = PBXFileReference; lastKnownFileType = sourcecode.swift; path = ColorExtensions.swift; sourceTree = "<group>"; };
		23328BEB2454592B005E2C5F /* NetworkModel.swift */ = {isa = PBXFileReference; lastKnownFileType = sourcecode.swift; path = NetworkModel.swift; sourceTree = "<group>"; };
		23328BED24545969005E2C5F /* TitleModel.swift */ = {isa = PBXFileReference; lastKnownFileType = sourcecode.swift; path = TitleModel.swift; sourceTree = "<group>"; };
		23328BEF245459C1005E2C5F /* SynopsisModel.swift */ = {isa = PBXFileReference; lastKnownFileType = sourcecode.swift; path = SynopsisModel.swift; sourceTree = "<group>"; };
		23328BF124545A75005E2C5F /* DurationModel.swift */ = {isa = PBXFileReference; lastKnownFileType = sourcecode.swift; path = DurationModel.swift; sourceTree = "<group>"; };
		23328BF324545B03005E2C5F /* ProgressModel.swift */ = {isa = PBXFileReference; lastKnownFileType = sourcecode.swift; path = ProgressModel.swift; sourceTree = "<group>"; };
		23328BF524545B8D005E2C5F /* AvailabilityModel.swift */ = {isa = PBXFileReference; lastKnownFileType = sourcecode.swift; path = AvailabilityModel.swift; sourceTree = "<group>"; };
		23328BF724545BC1005E2C5F /* ReleaseModel.swift */ = {isa = PBXFileReference; lastKnownFileType = sourcecode.swift; path = ReleaseModel.swift; sourceTree = "<group>"; };
		23328BF924546E35005E2C5F /* AppNetwork.swift */ = {isa = PBXFileReference; lastKnownFileType = sourcecode.swift; path = AppNetwork.swift; sourceTree = "<group>"; };
		23328BFB2454720E005E2C5F /* RequestPath.swift */ = {isa = PBXFileReference; lastKnownFileType = sourcecode.swift; path = RequestPath.swift; sourceTree = "<group>"; };
		23328BFE24547310005E2C5F /* AppEnvironment.swift */ = {isa = PBXFileReference; lastKnownFileType = sourcecode.swift; path = AppEnvironment.swift; sourceTree = "<group>"; };
		23328C00245474B0005E2C5F /* AppRequest.swift */ = {isa = PBXFileReference; lastKnownFileType = sourcecode.swift; path = AppRequest.swift; sourceTree = "<group>"; };
		23328C0324547C2A005E2C5F /* AppConfigModel.swift */ = {isa = PBXFileReference; lastKnownFileType = sourcecode.swift; path = AppConfigModel.swift; sourceTree = "<group>"; };
		23328C0524548220005E2C5F /* AppConfiguration.swift */ = {isa = PBXFileReference; lastKnownFileType = sourcecode.swift; path = AppConfiguration.swift; sourceTree = "<group>"; };
		23328C0724548A64005E2C5F /* JSONHelper.swift */ = {isa = PBXFileReference; lastKnownFileType = sourcecode.swift; path = JSONHelper.swift; sourceTree = "<group>"; };
		239D625F2451FD5B00239B90 /* PlayableItemView.swift */ = {isa = PBXFileReference; lastKnownFileType = sourcecode.swift; path = PlayableItemView.swift; sourceTree = "<group>"; };
		239D62602451FD5B00239B90 /* PlayableItemView.xib */ = {isa = PBXFileReference; lastKnownFileType = file.xib; path = PlayableItemView.xib; sourceTree = "<group>"; };
		239D6265245208C800239B90 /* DisplayModuleView.swift */ = {isa = PBXFileReference; lastKnownFileType = sourcecode.swift; path = DisplayModuleView.swift; sourceTree = "<group>"; };
		239D6266245208C800239B90 /* DisplayModuleView.xib */ = {isa = PBXFileReference; lastKnownFileType = file.xib; path = DisplayModuleView.xib; sourceTree = "<group>"; };
		2B85F7AF4E13965A683CB656 /* Pods_SoundBBC.framework */ = {isa = PBXFileReference; explicitFileType = wrapper.framework; includeInIndex = 0; path = Pods_SoundBBC.framework; sourceTree = BUILT_PRODUCTS_DIR; };
		3861E8562E46EE65FFA92F18 /* Pods-SoundBBC.debug.xcconfig */ = {isa = PBXFileReference; includeInIndex = 1; lastKnownFileType = text.xcconfig; name = "Pods-SoundBBC.debug.xcconfig"; path = "Target Support Files/Pods-SoundBBC/Pods-SoundBBC.debug.xcconfig"; sourceTree = "<group>"; };
		C72ADD3035029FC6DFAEFA48 /* Pods-SoundBBC.release.xcconfig */ = {isa = PBXFileReference; includeInIndex = 1; lastKnownFileType = text.xcconfig; name = "Pods-SoundBBC.release.xcconfig"; path = "Target Support Files/Pods-SoundBBC/Pods-SoundBBC.release.xcconfig"; sourceTree = "<group>"; };
/* End PBXFileReference section */

/* Begin PBXFrameworksBuildPhase section */
		2309CDCD245081E800620475 /* Frameworks */ = {
			isa = PBXFrameworksBuildPhase;
			buildActionMask = 2147483647;
			files = (
				5339A251A57DF94DD8D43682 /* Pods_SoundBBC.framework in Frameworks */,
			);
			runOnlyForDeploymentPostprocessing = 0;
		};
/* End PBXFrameworksBuildPhase section */

/* Begin PBXGroup section */
		2304EA3B24532C3900A1B75C /* CollectionView+TableView */ = {
			isa = PBXGroup;
			children = (
				2304EA3C24532C6300A1B75C /* CollectionTableViewExtension.swift */,
			);
			path = "CollectionView+TableView";
			sourceTree = "<group>";
		};
		2304EA4024535B5A00A1B75C /* Models */ = {
			isa = PBXGroup;
			children = (
				23328C0224547C16005E2C5F /* App */,
				2304EA4124535B6D00A1B75C /* DisplayModuleModel.swift */,
				2304EA4324535BB500A1B75C /* DisplayItemModel.swift */,
				23328BEB2454592B005E2C5F /* NetworkModel.swift */,
				23328BED24545969005E2C5F /* TitleModel.swift */,
				23328BEF245459C1005E2C5F /* SynopsisModel.swift */,
				23328BF124545A75005E2C5F /* DurationModel.swift */,
				23328BF324545B03005E2C5F /* ProgressModel.swift */,
				23328BF524545B8D005E2C5F /* AvailabilityModel.swift */,
				23328BF724545BC1005E2C5F /* ReleaseModel.swift */,
			);
			path = Models;
			sourceTree = "<group>";
		};
		2309CDC7245081E800620475 = {
			isa = PBXGroup;
			children = (
				2309CDD2245081E800620475 /* SoundBBC */,
				2309CDD1245081E800620475 /* Products */,
				26F961249A9323F7E1E183B5 /* Pods */,
				74EDF12024828F5E3F490B5D /* Frameworks */,
			);
			sourceTree = "<group>";
		};
		2309CDD1245081E800620475 /* Products */ = {
			isa = PBXGroup;
			children = (
				2309CDD0245081E800620475 /* SoundBBC.app */,
			);
			name = Products;
			sourceTree = "<group>";
		};
		2309CDD2245081E800620475 /* SoundBBC */ = {
			isa = PBXGroup;
			children = (
				23328BFD245472C2005E2C5F /* AppManagements */,
				2304EA4024535B5A00A1B75C /* Models */,
				2309CE132450FEBA00620475 /* Extensions */,
				2309CDEB2450838500620475 /* Coordinators */,
				2309CDEA2450835900620475 /* Supporting Files */,
				2309CDE92450834E00620475 /* UIComponents */,
				2309CDE82450834900620475 /* Services */,
				2309CDE72450833D00620475 /* AppModules */,
				2309CDD3245081E800620475 /* AppDelegate.swift */,
				2309CDDC245081ED00620475 /* Assets.xcassets */,
				2309CDDE245081ED00620475 /* LaunchScreen.storyboard */,
				2309CDE1245081ED00620475 /* Info.plist */,
			);
			path = SoundBBC;
			sourceTree = "<group>";
		};
		2309CDE72450833D00620475 /* AppModules */ = {
			isa = PBXGroup;
			children = (
				2309CDF824508BCF00620475 /* Search */,
				2309CDF724508BC700620475 /* MySounds */,
				2309CDF624508AEA00620475 /* Listens */,
				2309CDF3245087ED00620475 /* TabbarController */,
				2309CDF2245087D700620475 /* Splash */,
			);
			path = AppModules;
			sourceTree = "<group>";
		};
		2309CDE82450834900620475 /* Services */ = {
			isa = PBXGroup;
			children = (
				23328BF924546E35005E2C5F /* AppNetwork.swift */,
				23328BFB2454720E005E2C5F /* RequestPath.swift */,
				23328C00245474B0005E2C5F /* AppRequest.swift */,
			);
			path = Services;
			sourceTree = "<group>";
		};
		2309CDE92450834E00620475 /* UIComponents */ = {
			isa = PBXGroup;
			children = (
				239D62642452089E00239B90 /* DisplayModuleView */,
				239D62632451FD8800239B90 /* PlayableItemView */,
			);
			path = UIComponents;
			sourceTree = "<group>";
		};
		2309CDEA2450835900620475 /* Supporting Files */ = {
			isa = PBXGroup;
			children = (
				2309CE0A2450F45100620475 /* Utilities */,
				2309CE072450F3BC00620475 /* Fonts */,
			);
			path = "Supporting Files";
			sourceTree = "<group>";
		};
		2309CDEB2450838500620475 /* Coordinators */ = {
			isa = PBXGroup;
			children = (
				2309CDEC245083A300620475 /* BaseCoordinator.swift */,
				2309CDEE245084D700620475 /* AppCoordinator.swift */,
				2309CDF02450856B00620475 /* TabbarCoordinator.swift */,
				2309CE012450998900620475 /* ListenCoordinator.swift */,
				2309CE03245099D400620475 /* MySoundCoordinator.swift */,
				2309CE0524509A0B00620475 /* SearchCoordinator.swift */,
			);
			path = Coordinators;
			sourceTree = "<group>";
		};
		2309CDF2245087D700620475 /* Splash */ = {
			isa = PBXGroup;
			children = (
			);
			path = Splash;
			sourceTree = "<group>";
		};
		2309CDF3245087ED00620475 /* TabbarController */ = {
			isa = PBXGroup;
			children = (
				2309CDF424508A2600620475 /* TabbarController.swift */,
			);
			path = TabbarController;
			sourceTree = "<group>";
		};
		2309CDF624508AEA00620475 /* Listens */ = {
			isa = PBXGroup;
			children = (
				2309CDF924508C7200620475 /* ListenViewController.swift */,
				2309CDFA24508C7200620475 /* ListenViewController.xib */,
			);
			path = Listens;
			sourceTree = "<group>";
		};
		2309CDF724508BC700620475 /* MySounds */ = {
			isa = PBXGroup;
			children = (
				2309CDFD24508D1400620475 /* MySoundViewController.swift */,
				2309CDFE24508D1400620475 /* MySoundViewController.xib */,
			);
			path = MySounds;
			sourceTree = "<group>";
		};
		2309CDF824508BCF00620475 /* Search */ = {
			isa = PBXGroup;
			children = (
			);
			path = Search;
			sourceTree = "<group>";
		};
		2309CE072450F3BC00620475 /* Fonts */ = {
			isa = PBXGroup;
			children = (
				2309CE0F2450F94900620475 /* BBCReithSans_Md.ttf */,
				2309CE102450F94900620475 /* BBCReithSerif_Md.ttf */,
				2309CE0D2450F7CF00620475 /* BBCReithSans_Rg.ttf */,
				2309CE082450F3E500620475 /* BBCReithSerif_Rg.ttf */,
			);
			path = Fonts;
			sourceTree = "<group>";
		};
		2309CE0A2450F45100620475 /* Utilities */ = {
			isa = PBXGroup;
			children = (
				2304EA3E24534ED100A1B75C /* PagingCollectionViewFlowLayout.swift */,
				23328C0724548A64005E2C5F /* JSONHelper.swift */,
			);
			path = Utilities;
			sourceTree = "<group>";
		};
		2309CE132450FEBA00620475 /* Extensions */ = {
			isa = PBXGroup;
			children = (
				2304EA3B24532C3900A1B75C /* CollectionView+TableView */,
				2309CE142450FED700620475 /* UIColor */,
			);
			path = Extensions;
			sourceTree = "<group>";
		};
		2309CE142450FED700620475 /* UIColor */ = {
			isa = PBXGroup;
			children = (
				2309CE172450FEF600620475 /* ColorExtensions.swift */,
			);
			path = UIColor;
			sourceTree = "<group>";
		};
		23328BFD245472C2005E2C5F /* AppManagements */ = {
			isa = PBXGroup;
			children = (
				23328BFE24547310005E2C5F /* AppEnvironment.swift */,
				23328C0524548220005E2C5F /* AppConfiguration.swift */,
				2309CE0B2450F4AD00620475 /* AppDefinition.swift */,
			);
			path = AppManagements;
			sourceTree = "<group>";
		};
		23328C0224547C16005E2C5F /* App */ = {
			isa = PBXGroup;
			children = (
				23328C0324547C2A005E2C5F /* AppConfigModel.swift */,
			);
			path = App;
			sourceTree = "<group>";
		};
		239D62632451FD8800239B90 /* PlayableItemView */ = {
			isa = PBXGroup;
			children = (
				239D625F2451FD5B00239B90 /* PlayableItemView.swift */,
				239D62602451FD5B00239B90 /* PlayableItemView.xib */,
			);
			path = PlayableItemView;
			sourceTree = "<group>";
		};
		239D62642452089E00239B90 /* DisplayModuleView */ = {
			isa = PBXGroup;
			children = (
				239D6265245208C800239B90 /* DisplayModuleView.swift */,
				239D6266245208C800239B90 /* DisplayModuleView.xib */,
				2304EA3324530D6300A1B75C /* DisplayModuleData.swift */,
				2304EA3524530DF700A1B75C /* DisplayItem.swift */,
				2304EA3724530F0300A1B75C /* DisplayModuleViewModel.swift */,
				2304EA3924532ACA00A1B75C /* DisplayItemCell.swift */,
			);
			path = DisplayModuleView;
			sourceTree = "<group>";
		};
		26F961249A9323F7E1E183B5 /* Pods */ = {
			isa = PBXGroup;
			children = (
				3861E8562E46EE65FFA92F18 /* Pods-SoundBBC.debug.xcconfig */,
				C72ADD3035029FC6DFAEFA48 /* Pods-SoundBBC.release.xcconfig */,
			);
			path = Pods;
			sourceTree = "<group>";
		};
		74EDF12024828F5E3F490B5D /* Frameworks */ = {
			isa = PBXGroup;
			children = (
				2B85F7AF4E13965A683CB656 /* Pods_SoundBBC.framework */,
			);
			name = Frameworks;
			sourceTree = "<group>";
		};
/* End PBXGroup section */

/* Begin PBXNativeTarget section */
		2309CDCF245081E800620475 /* SoundBBC */ = {
			isa = PBXNativeTarget;
			buildConfigurationList = 2309CDE4245081ED00620475 /* Build configuration list for PBXNativeTarget "SoundBBC" */;
			buildPhases = (
				3A680D3A8CEF77E69B275DDF /* [CP] Check Pods Manifest.lock */,
				2309CDCC245081E800620475 /* Sources */,
				2309CDCD245081E800620475 /* Frameworks */,
				2309CDCE245081E800620475 /* Resources */,
				48006A9802FC0A1E400731E4 /* [CP] Embed Pods Frameworks */,
			);
			buildRules = (
			);
			dependencies = (
			);
			name = SoundBBC;
			productName = SoundBBC;
			productReference = 2309CDD0245081E800620475 /* SoundBBC.app */;
			productType = "com.apple.product-type.application";
		};
/* End PBXNativeTarget section */

/* Begin PBXProject section */
		2309CDC8245081E800620475 /* Project object */ = {
			isa = PBXProject;
			attributes = {
				LastSwiftUpdateCheck = 1140;
				LastUpgradeCheck = 1140;
				ORGANIZATIONNAME = nhatquangz;
				TargetAttributes = {
					2309CDCF245081E800620475 = {
						CreatedOnToolsVersion = 11.4.1;
					};
				};
			};
			buildConfigurationList = 2309CDCB245081E800620475 /* Build configuration list for PBXProject "SoundBBC" */;
			compatibilityVersion = "Xcode 9.3";
			developmentRegion = en;
			hasScannedForEncodings = 0;
			knownRegions = (
				en,
				Base,
			);
			mainGroup = 2309CDC7245081E800620475;
			productRefGroup = 2309CDD1245081E800620475 /* Products */;
			projectDirPath = "";
			projectRoot = "";
			targets = (
				2309CDCF245081E800620475 /* SoundBBC */,
			);
		};
/* End PBXProject section */

/* Begin PBXResourcesBuildPhase section */
		2309CDCE245081E800620475 /* Resources */ = {
			isa = PBXResourcesBuildPhase;
			buildActionMask = 2147483647;
			files = (
				2309CE092450F3E500620475 /* BBCReithSerif_Rg.ttf in Resources */,
				2309CE0024508D1400620475 /* MySoundViewController.xib in Resources */,
				2309CDFC24508C7200620475 /* ListenViewController.xib in Resources */,
				239D6268245208C800239B90 /* DisplayModuleView.xib in Resources */,
				2309CE0E2450F7CF00620475 /* BBCReithSans_Rg.ttf in Resources */,
				2309CE122450F94900620475 /* BBCReithSerif_Md.ttf in Resources */,
				239D62622451FD5B00239B90 /* PlayableItemView.xib in Resources */,
				2309CDE0245081ED00620475 /* LaunchScreen.storyboard in Resources */,
				2309CE112450F94900620475 /* BBCReithSans_Md.ttf in Resources */,
				2309CDDD245081ED00620475 /* Assets.xcassets in Resources */,
			);
			runOnlyForDeploymentPostprocessing = 0;
		};
/* End PBXResourcesBuildPhase section */

/* Begin PBXShellScriptBuildPhase section */
		3A680D3A8CEF77E69B275DDF /* [CP] Check Pods Manifest.lock */ = {
			isa = PBXShellScriptBuildPhase;
			buildActionMask = 2147483647;
			files = (
			);
			inputFileListPaths = (
			);
			inputPaths = (
				"${PODS_PODFILE_DIR_PATH}/Podfile.lock",
				"${PODS_ROOT}/Manifest.lock",
			);
			name = "[CP] Check Pods Manifest.lock";
			outputFileListPaths = (
			);
			outputPaths = (
				"$(DERIVED_FILE_DIR)/Pods-SoundBBC-checkManifestLockResult.txt",
			);
			runOnlyForDeploymentPostprocessing = 0;
			shellPath = /bin/sh;
			shellScript = "diff \"${PODS_PODFILE_DIR_PATH}/Podfile.lock\" \"${PODS_ROOT}/Manifest.lock\" > /dev/null\nif [ $? != 0 ] ; then\n    # print error to STDERR\n    echo \"error: The sandbox is not in sync with the Podfile.lock. Run 'pod install' or update your CocoaPods installation.\" >&2\n    exit 1\nfi\n# This output is used by Xcode 'outputs' to avoid re-running this script phase.\necho \"SUCCESS\" > \"${SCRIPT_OUTPUT_FILE_0}\"\n";
			showEnvVarsInLog = 0;
		};
		48006A9802FC0A1E400731E4 /* [CP] Embed Pods Frameworks */ = {
			isa = PBXShellScriptBuildPhase;
			buildActionMask = 2147483647;
			files = (
			);
			inputFileListPaths = (
				"${PODS_ROOT}/Target Support Files/Pods-SoundBBC/Pods-SoundBBC-frameworks-${CONFIGURATION}-input-files.xcfilelist",
			);
			name = "[CP] Embed Pods Frameworks";
			outputFileListPaths = (
				"${PODS_ROOT}/Target Support Files/Pods-SoundBBC/Pods-SoundBBC-frameworks-${CONFIGURATION}-output-files.xcfilelist",
			);
			runOnlyForDeploymentPostprocessing = 0;
			shellPath = /bin/sh;
			shellScript = "\"${PODS_ROOT}/Target Support Files/Pods-SoundBBC/Pods-SoundBBC-frameworks.sh\"\n";
			showEnvVarsInLog = 0;
		};
/* End PBXShellScriptBuildPhase section */

/* Begin PBXSourcesBuildPhase section */
		2309CDCC245081E800620475 /* Sources */ = {
			isa = PBXSourcesBuildPhase;
			buildActionMask = 2147483647;
			files = (
				2309CDEF245084D700620475 /* AppCoordinator.swift in Sources */,
				2304EA3624530DF700A1B75C /* DisplayItem.swift in Sources */,
				23328BFA24546E35005E2C5F /* AppNetwork.swift in Sources */,
				2304EA3F24534ED100A1B75C /* PagingCollectionViewFlowLayout.swift in Sources */,
				2304EA4424535BB500A1B75C /* DisplayItemModel.swift in Sources */,
				23328BFF24547310005E2C5F /* AppEnvironment.swift in Sources */,
				23328BF824545BC1005E2C5F /* ReleaseModel.swift in Sources */,
				2309CE0C2450F4AD00620475 /* AppDefinition.swift in Sources */,
				2304EA3424530D6300A1B75C /* DisplayModuleData.swift in Sources */,
				23328BF624545B8D005E2C5F /* AvailabilityModel.swift in Sources */,
				23328C01245474B0005E2C5F /* AppRequest.swift in Sources */,
				2309CDD4245081E800620475 /* AppDelegate.swift in Sources */,
				2304EA3A24532ACA00A1B75C /* DisplayItemCell.swift in Sources */,
				2304EA3D24532C6300A1B75C /* CollectionTableViewExtension.swift in Sources */,
				2309CDFF24508D1400620475 /* MySoundViewController.swift in Sources */,
				2304EA3824530F0300A1B75C /* DisplayModuleViewModel.swift in Sources */,
				2309CDF12450856B00620475 /* TabbarCoordinator.swift in Sources */,
				2309CDF524508A2600620475 /* TabbarController.swift in Sources */,
				2309CE022450998900620475 /* ListenCoordinator.swift in Sources */,
				23328BEE24545969005E2C5F /* TitleModel.swift in Sources */,
				2304EA4224535B6D00A1B75C /* DisplayModuleModel.swift in Sources */,
				23328C0824548A64005E2C5F /* JSONHelper.swift in Sources */,
				23328C0424547C2A005E2C5F /* AppConfigModel.swift in Sources */,
				2309CE0624509A0B00620475 /* SearchCoordinator.swift in Sources */,
				2309CDED245083A300620475 /* BaseCoordinator.swift in Sources */,
				23328BF424545B03005E2C5F /* ProgressModel.swift in Sources */,
				23328BEC2454592B005E2C5F /* NetworkModel.swift in Sources */,
				23328C0624548220005E2C5F /* AppConfiguration.swift in Sources */,
				23328BF0245459C1005E2C5F /* SynopsisModel.swift in Sources */,
				239D6267245208C800239B90 /* DisplayModuleView.swift in Sources */,
				23328BF224545A75005E2C5F /* DurationModel.swift in Sources */,
				2309CE04245099D400620475 /* MySoundCoordinator.swift in Sources */,
				23328BFC2454720E005E2C5F /* RequestPath.swift in Sources */,
				2309CDFB24508C7200620475 /* ListenViewController.swift in Sources */,
				2309CE182450FEF600620475 /* ColorExtensions.swift in Sources */,
				239D62612451FD5B00239B90 /* PlayableItemView.swift in Sources */,
			);
			runOnlyForDeploymentPostprocessing = 0;
		};
/* End PBXSourcesBuildPhase section */

/* Begin PBXVariantGroup section */
		2309CDDE245081ED00620475 /* LaunchScreen.storyboard */ = {
			isa = PBXVariantGroup;
			children = (
				2309CDDF245081ED00620475 /* Base */,
			);
			name = LaunchScreen.storyboard;
			sourceTree = "<group>";
		};
/* End PBXVariantGroup section */

/* Begin XCBuildConfiguration section */
		2309CDE2245081ED00620475 /* Debug */ = {
			isa = XCBuildConfiguration;
			buildSettings = {
				ALWAYS_SEARCH_USER_PATHS = NO;
				CLANG_ANALYZER_NONNULL = YES;
				CLANG_ANALYZER_NUMBER_OBJECT_CONVERSION = YES_AGGRESSIVE;
				CLANG_CXX_LANGUAGE_STANDARD = "gnu++14";
				CLANG_CXX_LIBRARY = "libc++";
				CLANG_ENABLE_MODULES = YES;
				CLANG_ENABLE_OBJC_ARC = YES;
				CLANG_ENABLE_OBJC_WEAK = YES;
				CLANG_WARN_BLOCK_CAPTURE_AUTORELEASING = YES;
				CLANG_WARN_BOOL_CONVERSION = YES;
				CLANG_WARN_COMMA = YES;
				CLANG_WARN_CONSTANT_CONVERSION = YES;
				CLANG_WARN_DEPRECATED_OBJC_IMPLEMENTATIONS = YES;
				CLANG_WARN_DIRECT_OBJC_ISA_USAGE = YES_ERROR;
				CLANG_WARN_DOCUMENTATION_COMMENTS = YES;
				CLANG_WARN_EMPTY_BODY = YES;
				CLANG_WARN_ENUM_CONVERSION = YES;
				CLANG_WARN_INFINITE_RECURSION = YES;
				CLANG_WARN_INT_CONVERSION = YES;
				CLANG_WARN_NON_LITERAL_NULL_CONVERSION = YES;
				CLANG_WARN_OBJC_IMPLICIT_RETAIN_SELF = YES;
				CLANG_WARN_OBJC_LITERAL_CONVERSION = YES;
				CLANG_WARN_OBJC_ROOT_CLASS = YES_ERROR;
				CLANG_WARN_RANGE_LOOP_ANALYSIS = YES;
				CLANG_WARN_STRICT_PROTOTYPES = YES;
				CLANG_WARN_SUSPICIOUS_MOVE = YES;
				CLANG_WARN_UNGUARDED_AVAILABILITY = YES_AGGRESSIVE;
				CLANG_WARN_UNREACHABLE_CODE = YES;
				CLANG_WARN__DUPLICATE_METHOD_MATCH = YES;
				COPY_PHASE_STRIP = NO;
				DEBUG_INFORMATION_FORMAT = dwarf;
				ENABLE_STRICT_OBJC_MSGSEND = YES;
				ENABLE_TESTABILITY = YES;
				GCC_C_LANGUAGE_STANDARD = gnu11;
				GCC_DYNAMIC_NO_PIC = NO;
				GCC_NO_COMMON_BLOCKS = YES;
				GCC_OPTIMIZATION_LEVEL = 0;
				GCC_PREPROCESSOR_DEFINITIONS = (
					"DEBUG=1",
					"$(inherited)",
				);
				GCC_WARN_64_TO_32_BIT_CONVERSION = YES;
				GCC_WARN_ABOUT_RETURN_TYPE = YES_ERROR;
				GCC_WARN_UNDECLARED_SELECTOR = YES;
				GCC_WARN_UNINITIALIZED_AUTOS = YES_AGGRESSIVE;
				GCC_WARN_UNUSED_FUNCTION = YES;
				GCC_WARN_UNUSED_VARIABLE = YES;
				IPHONEOS_DEPLOYMENT_TARGET = 13.4;
				MTL_ENABLE_DEBUG_INFO = INCLUDE_SOURCE;
				MTL_FAST_MATH = YES;
				ONLY_ACTIVE_ARCH = YES;
				SDKROOT = iphoneos;
				SWIFT_ACTIVE_COMPILATION_CONDITIONS = DEBUG;
				SWIFT_OPTIMIZATION_LEVEL = "-Onone";
			};
			name = Debug;
		};
		2309CDE3245081ED00620475 /* Release */ = {
			isa = XCBuildConfiguration;
			buildSettings = {
				ALWAYS_SEARCH_USER_PATHS = NO;
				CLANG_ANALYZER_NONNULL = YES;
				CLANG_ANALYZER_NUMBER_OBJECT_CONVERSION = YES_AGGRESSIVE;
				CLANG_CXX_LANGUAGE_STANDARD = "gnu++14";
				CLANG_CXX_LIBRARY = "libc++";
				CLANG_ENABLE_MODULES = YES;
				CLANG_ENABLE_OBJC_ARC = YES;
				CLANG_ENABLE_OBJC_WEAK = YES;
				CLANG_WARN_BLOCK_CAPTURE_AUTORELEASING = YES;
				CLANG_WARN_BOOL_CONVERSION = YES;
				CLANG_WARN_COMMA = YES;
				CLANG_WARN_CONSTANT_CONVERSION = YES;
				CLANG_WARN_DEPRECATED_OBJC_IMPLEMENTATIONS = YES;
				CLANG_WARN_DIRECT_OBJC_ISA_USAGE = YES_ERROR;
				CLANG_WARN_DOCUMENTATION_COMMENTS = YES;
				CLANG_WARN_EMPTY_BODY = YES;
				CLANG_WARN_ENUM_CONVERSION = YES;
				CLANG_WARN_INFINITE_RECURSION = YES;
				CLANG_WARN_INT_CONVERSION = YES;
				CLANG_WARN_NON_LITERAL_NULL_CONVERSION = YES;
				CLANG_WARN_OBJC_IMPLICIT_RETAIN_SELF = YES;
				CLANG_WARN_OBJC_LITERAL_CONVERSION = YES;
				CLANG_WARN_OBJC_ROOT_CLASS = YES_ERROR;
				CLANG_WARN_RANGE_LOOP_ANALYSIS = YES;
				CLANG_WARN_STRICT_PROTOTYPES = YES;
				CLANG_WARN_SUSPICIOUS_MOVE = YES;
				CLANG_WARN_UNGUARDED_AVAILABILITY = YES_AGGRESSIVE;
				CLANG_WARN_UNREACHABLE_CODE = YES;
				CLANG_WARN__DUPLICATE_METHOD_MATCH = YES;
				COPY_PHASE_STRIP = NO;
				DEBUG_INFORMATION_FORMAT = "dwarf-with-dsym";
				ENABLE_NS_ASSERTIONS = NO;
				ENABLE_STRICT_OBJC_MSGSEND = YES;
				GCC_C_LANGUAGE_STANDARD = gnu11;
				GCC_NO_COMMON_BLOCKS = YES;
				GCC_WARN_64_TO_32_BIT_CONVERSION = YES;
				GCC_WARN_ABOUT_RETURN_TYPE = YES_ERROR;
				GCC_WARN_UNDECLARED_SELECTOR = YES;
				GCC_WARN_UNINITIALIZED_AUTOS = YES_AGGRESSIVE;
				GCC_WARN_UNUSED_FUNCTION = YES;
				GCC_WARN_UNUSED_VARIABLE = YES;
				IPHONEOS_DEPLOYMENT_TARGET = 13.4;
				MTL_ENABLE_DEBUG_INFO = NO;
				MTL_FAST_MATH = YES;
				SDKROOT = iphoneos;
				SWIFT_COMPILATION_MODE = wholemodule;
				SWIFT_OPTIMIZATION_LEVEL = "-O";
				VALIDATE_PRODUCT = YES;
			};
			name = Release;
		};
		2309CDE5245081ED00620475 /* Debug */ = {
			isa = XCBuildConfiguration;
			baseConfigurationReference = 3861E8562E46EE65FFA92F18 /* Pods-SoundBBC.debug.xcconfig */;
			buildSettings = {
				ASSETCATALOG_COMPILER_APPICON_NAME = AppIcon;
				CODE_SIGN_STYLE = Automatic;
				DEVELOPMENT_TEAM = C4XF7U982N;
				INFOPLIST_FILE = SoundBBC/Info.plist;
				IPHONEOS_DEPLOYMENT_TARGET = 11.0;
				LD_RUNPATH_SEARCH_PATHS = (
					"$(inherited)",
					"@executable_path/Frameworks",
				);
				PRODUCT_BUNDLE_IDENTIFIER = com.nhatquangz.soundbbc;
				PRODUCT_NAME = "$(TARGET_NAME)";
				SWIFT_VERSION = 5.0;
				TARGETED_DEVICE_FAMILY = 1;
			};
			name = Debug;
		};
		2309CDE6245081ED00620475 /* Release */ = {
			isa = XCBuildConfiguration;
			baseConfigurationReference = C72ADD3035029FC6DFAEFA48 /* Pods-SoundBBC.release.xcconfig */;
			buildSettings = {
				ASSETCATALOG_COMPILER_APPICON_NAME = AppIcon;
				CODE_SIGN_STYLE = Automatic;
				DEVELOPMENT_TEAM = C4XF7U982N;
				INFOPLIST_FILE = SoundBBC/Info.plist;
				IPHONEOS_DEPLOYMENT_TARGET = 11.0;
				LD_RUNPATH_SEARCH_PATHS = (
					"$(inherited)",
					"@executable_path/Frameworks",
				);
				PRODUCT_BUNDLE_IDENTIFIER = com.nhatquangz.soundbbc;
				PRODUCT_NAME = "$(TARGET_NAME)";
				SWIFT_VERSION = 5.0;
				TARGETED_DEVICE_FAMILY = 1;
			};
			name = Release;
		};
/* End XCBuildConfiguration section */

/* Begin XCConfigurationList section */
		2309CDCB245081E800620475 /* Build configuration list for PBXProject "SoundBBC" */ = {
			isa = XCConfigurationList;
			buildConfigurations = (
				2309CDE2245081ED00620475 /* Debug */,
				2309CDE3245081ED00620475 /* Release */,
			);
			defaultConfigurationIsVisible = 0;
			defaultConfigurationName = Release;
		};
		2309CDE4245081ED00620475 /* Build configuration list for PBXNativeTarget "SoundBBC" */ = {
			isa = XCConfigurationList;
			buildConfigurations = (
				2309CDE5245081ED00620475 /* Debug */,
				2309CDE6245081ED00620475 /* Release */,
			);
			defaultConfigurationIsVisible = 0;
			defaultConfigurationName = Release;
		};
/* End XCConfigurationList section */
	};
	rootObject = 2309CDC8245081E800620475 /* Project object */;
}
